# This file is autogenerated, do not edit; changes may be undone by the next 'dep ensure'.


[[projects]]
  branch = "master"
  name = "github.com/agl/ed25519"
  packages = [
    ".",
    "edwards25519"
  ]
  revision = "5312a61534124124185d41f09206b9fef1d88403"

[[projects]]
  name = "github.com/brutella/dnssd"
  packages = [
    ".",
    "log"
  ]
  revision = "c8cbe29bf778a199399b13ca018315025d4b4b7f"
  version = "v1.1.0"

[[projects]]
  branch = "master"
  name = "github.com/brutella/hc"
  packages = [
    "accessory",
    "characteristic",
    "crypto",
    "crypto/chacha20poly1305",
    "crypto/curve25519",
    "crypto/hkdf",
    "db",
    "event",
    "hap",
    "hap/controller",
    "hap/data",
    "hap/endpoint",
    "hap/http",
    "hap/pair",
    "log",
    "service",
    "util"
  ]
  revision = "0f65b422af04fb8e80a8162a3334a7d632e7fa53"

[[projects]]
  branch = "master"
  name = "github.com/eclipse/paho.mqtt.golang"
  packages = [
    ".",
    "packets"
  ]
  revision = "ba971f185f1bce82b0e8d19c74da95e37c68234a"

[[projects]]
  branch = "master"
  name = "github.com/gosexy/to"
  packages = ["."]
  revision = "c20e083e31230b84ffa23c5d2fb0bc55f5292681"

[[projects]]
  name = "github.com/miekg/dns"
  packages = ["."]
  revision = "cc8cd02140663157ce797c6650488d6c8563f31f"
  version = "v1.1.6"

[[projects]]
  name = "github.com/satori/go.uuid"
  packages = ["."]
  revision = "f58768cc1a7a7e77a3bd49e98cdd21419399b6a3"
  version = "v1.2.0"

[[projects]]
  branch = "master"
  name = "github.com/tadglines/go-pkgs"
  packages = ["crypto/srp"]
  revision = "1f86682992f1a784aa7592b2be0ae80f194b2479"

[[projects]]
  branch = "master"
  name = "golang.org/x/crypto"
  packages = [
    "chacha20poly1305",
    "curve25519",
    "ed25519",
    "ed25519/internal/edwards25519",
    "hkdf",
    "internal/chacha20",
    "internal/subtle",
    "poly1305"
  ]
  revision = "a1f597ede03a7bef967a422b5b3a5bd08805a01e"

[[projects]]
  branch = "master"
  name = "golang.org/x/net"
  packages = [
    "bpf",
    "internal/iana",
    "internal/socket",
    "internal/socks",
    "ipv4",
    "ipv6",
    "proxy",
    "websocket"
  ]
  revision = "9f648a60d9775ef5c977e7669d1673a7a67bef33"

[[projects]]
  branch = "master"
  name = "golang.org/x/sys"
  packages = [
    "cpu",
    "unix"
  ]
  revision = "a2f829d7f35f2ed1c3520c553a6226495455cae0"

[solve-meta]
  analyzer-name = "dep"
  analyzer-version = 1
  inputs-digest = "14d351e0dadaad586398f9614d6784009d201a9d0f246a0b29497f38118c4b0e"
  solver-name = "gps-cdcl"
  solver-version = 1
